
Microsoft Visual Studio Solution File, Format Version 12.00
# Visual Studio 2013
VisualStudioVersion = 12.0.30723.0
MinimumVisualStudioVersion = 10.0.40219.1
Project("{CC5FD16D-436D-48AD-A40C-5A424C6E3E79}") = "NuGet.Services.Search.Cloud", "src\NuGet.Services.Search.Cloud\NuGet.Services.Search.Cloud.ccproj", "{12CB66A2-0203-4263-B817-6813AB3C335C}"
EndProject
Project("{FAE04EC0-301F-11D3-BF4B-00C04F79EFBC}") = "NuGet.Services.Search", "src\NuGet.Services.Search\NuGet.Services.Search.csproj", "{D846C97C-70D0-4A35-B2DC-997F0CCAFA4D}"
EndProject
Project("{FAE04EC0-301F-11D3-BF4B-00C04F79EFBC}") = "NuGet.Services.Search.Facts", "src\NuGet.Services.Search.Facts\NuGet.Services.Search.Facts.csproj", "{641CE15C-9889-4560-B0B5-64082B24A8B5}"
EndProject
Project("{FAE04EC0-301F-11D3-BF4B-00C04F79EFBC}") = "NuGet.Indexing", "src\NuGet.Indexing\NuGet.Indexing.csproj", "{DDB34145-870F-42C3-9663-A9390CEE1E35}"
EndProject
Project("{FAE04EC0-301F-11D3-BF4B-00C04F79EFBC}") = "NuGet.Services.Search.Client", "src\NuGet.Services.Search.Client\NuGet.Services.Search.Client.csproj", "{CE0AC7E5-CDF7-4899-AD72-DCB64E402EBE}"
EndProject
Project("{FAE04EC0-301F-11D3-BF4B-00C04F79EFBC}") = "IndexMaintenance", "src\IndexMaintenance\IndexMaintenance.csproj", "{E844C058-0A10-4D2E-BA52-CA0D0235A546}"
EndProject
Project("{FAE04EC0-301F-11D3-BF4B-00C04F79EFBC}") = "NuGet.Services.Search.MiniTester", "src\NuGet.Services.Search.MiniTester\NuGet.Services.Search.MiniTester.csproj", "{FA75FA2F-17EC-4551-A093-D4E5075B412B}"
EndProject
Global
	GlobalSection(SolutionConfigurationPlatforms) = preSolution
		Debug|Any CPU = Debug|Any CPU
		Release|Any CPU = Release|Any CPU
	EndGlobalSection
	GlobalSection(ProjectConfigurationPlatforms) = postSolution
		{12CB66A2-0203-4263-B817-6813AB3C335C}.Debug|Any CPU.ActiveCfg = Debug|Any CPU
		{12CB66A2-0203-4263-B817-6813AB3C335C}.Debug|Any CPU.Build.0 = Debug|Any CPU
		{12CB66A2-0203-4263-B817-6813AB3C335C}.Release|Any CPU.ActiveCfg = Release|Any CPU
		{12CB66A2-0203-4263-B817-6813AB3C335C}.Release|Any CPU.Build.0 = Release|Any CPU
		{D846C97C-70D0-4A35-B2DC-997F0CCAFA4D}.Debug|Any CPU.ActiveCfg = Debug|Any CPU
		{D846C97C-70D0-4A35-B2DC-997F0CCAFA4D}.Debug|Any CPU.Build.0 = Debug|Any CPU
		{D846C97C-70D0-4A35-B2DC-997F0CCAFA4D}.Release|Any CPU.ActiveCfg = Release|Any CPU
		{D846C97C-70D0-4A35-B2DC-997F0CCAFA4D}.Release|Any CPU.Build.0 = Release|Any CPU
		{641CE15C-9889-4560-B0B5-64082B24A8B5}.Debug|Any CPU.ActiveCfg = Debug|Any CPU
		{641CE15C-9889-4560-B0B5-64082B24A8B5}.Debug|Any CPU.Build.0 = Debug|Any CPU
		{641CE15C-9889-4560-B0B5-64082B24A8B5}.Release|Any CPU.ActiveCfg = Release|Any CPU
		{641CE15C-9889-4560-B0B5-64082B24A8B5}.Release|Any CPU.Build.0 = Release|Any CPU
		{DDB34145-870F-42C3-9663-A9390CEE1E35}.Debug|Any CPU.ActiveCfg = Debug|Any CPU
		{DDB34145-870F-42C3-9663-A9390CEE1E35}.Debug|Any CPU.Build.0 = Debug|Any CPU
		{DDB34145-870F-42C3-9663-A9390CEE1E35}.Release|Any CPU.ActiveCfg = Release|Any CPU
		{DDB34145-870F-42C3-9663-A9390CEE1E35}.Release|Any CPU.Build.0 = Release|Any CPU
		{CE0AC7E5-CDF7-4899-AD72-DCB64E402EBE}.Debug|Any CPU.ActiveCfg = Debug|Any CPU
		{CE0AC7E5-CDF7-4899-AD72-DCB64E402EBE}.Debug|Any CPU.Build.0 = Debug|Any CPU
		{CE0AC7E5-CDF7-4899-AD72-DCB64E402EBE}.Release|Any CPU.ActiveCfg = Release|Any CPU
		{CE0AC7E5-CDF7-4899-AD72-DCB64E402EBE}.Release|Any CPU.Build.0 = Release|Any CPU
		{E844C058-0A10-4D2E-BA52-CA0D0235A546}.Debug|Any CPU.ActiveCfg = Debug|Any CPU
		{E844C058-0A10-4D2E-BA52-CA0D0235A546}.Debug|Any CPU.Build.0 = Debug|Any CPU
		{E844C058-0A10-4D2E-BA52-CA0D0235A546}.Release|Any CPU.ActiveCfg = Release|Any CPU
		{E844C058-0A10-4D2E-BA52-CA0D0235A546}.Release|Any CPU.Build.0 = Release|Any CPU
		{FA75FA2F-17EC-4551-A093-D4E5075B412B}.Debug|Any CPU.ActiveCfg = Debug|Any CPU
		{FA75FA2F-17EC-4551-A093-D4E5075B412B}.Debug|Any CPU.Build.0 = Debug|Any CPU
		{FA75FA2F-17EC-4551-A093-D4E5075B412B}.Release|Any CPU.ActiveCfg = Release|Any CPU
		{FA75FA2F-17EC-4551-A093-D4E5075B412B}.Release|Any CPU.Build.0 = Release|Any CPU
	EndGlobalSection
	GlobalSection(SolutionProperties) = preSolution
		HideSolutionNode = FALSE
	EndGlobalSection
EndGlobal
