
Microsoft Visual Studio Solution File, Format Version 12.00
# Visual Studio 2013
VisualStudioVersion = 12.0.31101.0
MinimumVisualStudioVersion = 10.0.40219.1
Project("{FAE04EC0-301F-11D3-BF4B-00C04F79EFBC}") = "NuGet.Services.Search", "src\NuGet.Services.Search\NuGet.Services.Search.csproj", "{D846C97C-70D0-4A35-B2DC-997F0CCAFA4D}"
EndProject
Project("{FAE04EC0-301F-11D3-BF4B-00C04F79EFBC}") = "NuGet.Services.Search.Client", "src\NuGet.Services.Search.Client\NuGet.Services.Search.Client.csproj", "{CE0AC7E5-CDF7-4899-AD72-DCB64E402EBE}"
EndProject
Global
	GlobalSection(SolutionConfigurationPlatforms) = preSolution
		Debug|Any CPU = Debug|Any CPU
		Release|Any CPU = Release|Any CPU
	EndGlobalSection
	GlobalSection(ProjectConfigurationPlatforms) = postSolution
		{D846C97C-70D0-4A35-B2DC-997F0CCAFA4D}.Debug|Any CPU.ActiveCfg = Debug|Any CPU
		{D846C97C-70D0-4A35-B2DC-997F0CCAFA4D}.Debug|Any CPU.Build.0 = Debug|Any CPU
		{D846C97C-70D0-4A35-B2DC-997F0CCAFA4D}.Release|Any CPU.ActiveCfg = Release|Any CPU
		{D846C97C-70D0-4A35-B2DC-997F0CCAFA4D}.Release|Any CPU.Build.0 = Release|Any CPU
		{CE0AC7E5-CDF7-4899-AD72-DCB64E402EBE}.Debug|Any CPU.ActiveCfg = Debug|Any CPU
		{CE0AC7E5-CDF7-4899-AD72-DCB64E402EBE}.Debug|Any CPU.Build.0 = Debug|Any CPU
		{CE0AC7E5-CDF7-4899-AD72-DCB64E402EBE}.Release|Any CPU.ActiveCfg = Release|Any CPU
		{CE0AC7E5-CDF7-4899-AD72-DCB64E402EBE}.Release|Any CPU.Build.0 = Release|Any CPU
	EndGlobalSection
	GlobalSection(SolutionProperties) = preSolution
		HideSolutionNode = FALSE
	EndGlobalSection
EndGlobal
